
Microsoft Visual Studio Solution File, Format Version 12.00
# Visual Studio Version 17
VisualStudioVersion = 17.11.35431.28
MinimumVisualStudioVersion = 10.0.40219.1
Project("{FAE04EC0-301F-11D3-BF4B-00C04F79EFBC}") = "FooterNavApp", "FooterNavApp\FooterNavApp.csproj", "{376F9427-5EE3-402D-AEB6-5C30D968B63A}"
EndProject
Global
	GlobalSection(SolutionConfigurationPlatforms) = preSolution
		Debug|Any CPU = Debug|Any CPU
		Release|Any CPU = Release|Any CPU
	EndGlobalSection
	GlobalSection(ProjectConfigurationPlatforms) = postSolution
		{376F9427-5EE3-402D-AEB6-5C30D968B63A}.Debug|Any CPU.ActiveCfg = Debug|Any CPU
		{376F9427-5EE3-402D-AEB6-5C30D968B63A}.Debug|Any CPU.Build.0 = Debug|Any CPU
		{376F9427-5EE3-402D-AEB6-5C30D968B63A}.Release|Any CPU.ActiveCfg = Release|Any CPU
		{376F9427-5EE3-402D-AEB6-5C30D968B63A}.Release|Any CPU.Build.0 = Release|Any CPU
	EndGlobalSection
	GlobalSection(SolutionProperties) = preSolution
		HideSolutionNode = FALSE
	EndGlobalSection
	GlobalSection(ExtensibilityGlobals) = postSolution
		SolutionGuid = {531D0128-1DE0-4C0D-86BE-EC56BB4AE975}
	EndGlobalSection
EndGlobal
